// !$*UTF8*$!
{
	archiveVersion = 1;
	classes = {
	};
	objectVersion = 50;
	objects = {

/* Begin PBXBuildFile section */
		531AB76120D9B82C009B9CA8 /* Money.swift in Sources */ = {isa = PBXBuildFile; fileRef = 531AB76020D9B82C009B9CA8 /* Money.swift */; };
		531AB76320DA3FF7009B9CA8 /* ShopVC.swift in Sources */ = {isa = PBXBuildFile; fileRef = 531AB76220DA3FF7009B9CA8 /* ShopVC.swift */; };
		5343E6A520D1DEA800C7A68A /* LoginVC.swift in Sources */ = {isa = PBXBuildFile; fileRef = 5343E6A420D1DEA800C7A68A /* LoginVC.swift */; };
		5343E6A720D2163B00C7A68A /* MoneyVC.swift in Sources */ = {isa = PBXBuildFile; fileRef = 5343E6A620D2163B00C7A68A /* MoneyVC.swift */; };
		536C854620DAEBB4001E356D /* ShopCell.swift in Sources */ = {isa = PBXBuildFile; fileRef = 536C854520DAEBB4001E356D /* ShopCell.swift */; };
		53C659E120C9A382001B7DAF /* AppDelegate.swift in Sources */ = {isa = PBXBuildFile; fileRef = 53C659E020C9A382001B7DAF /* AppDelegate.swift */; };
		53C659E320C9A382001B7DAF /* RoomVC.swift in Sources */ = {isa = PBXBuildFile; fileRef = 53C659E220C9A382001B7DAF /* RoomVC.swift */; };
		53C659E620C9A382001B7DAF /* Main.storyboard in Resources */ = {isa = PBXBuildFile; fileRef = 53C659E420C9A382001B7DAF /* Main.storyboard */; };
		53C659E820C9A384001B7DAF /* Assets.xcassets in Resources */ = {isa = PBXBuildFile; fileRef = 53C659E720C9A384001B7DAF /* Assets.xcassets */; };
		53C659EB20C9A384001B7DAF /* LaunchScreen.storyboard in Resources */ = {isa = PBXBuildFile; fileRef = 53C659E920C9A384001B7DAF /* LaunchScreen.storyboard */; };
		53C659F320CC9BD2001B7DAF /* MenuVC.swift in Sources */ = {isa = PBXBuildFile; fileRef = 53C659F220CC9BD2001B7DAF /* MenuVC.swift */; };
		53C659F620CCD481001B7DAF /* Thing.swift in Sources */ = {isa = PBXBuildFile; fileRef = 53C659F520CCD481001B7DAF /* Thing.swift */; };
		53C659F920CF0452001B7DAF /* GoogleService-Info.plist in Resources */ = {isa = PBXBuildFile; fileRef = 53C659F820CF0451001B7DAF /* GoogleService-Info.plist */; };
		53C659FC20CF2E68001B7DAF /* DataService.swift in Sources */ = {isa = PBXBuildFile; fileRef = 53C659FB20CF2E68001B7DAF /* DataService.swift */; };
		53C659FE20CF4FE6001B7DAF /* AuthService.swift in Sources */ = {isa = PBXBuildFile; fileRef = 53C659FD20CF4FE6001B7DAF /* AuthService.swift */; };
		D0A299302D3DF2E15A350EB0 /* Pods_merkleProto.framework in Frameworks */ = {isa = PBXBuildFile; fileRef = 99D185EBEEC4BFE6B58A1A75 /* Pods_merkleProto.framework */; };
/* End PBXBuildFile section */

/* Begin PBXFileReference section */
		531AB76020D9B82C009B9CA8 /* Money.swift */ = {isa = PBXFileReference; lastKnownFileType = sourcecode.swift; path = Money.swift; sourceTree = "<group>"; };
		531AB76220DA3FF7009B9CA8 /* ShopVC.swift */ = {isa = PBXFileReference; lastKnownFileType = sourcecode.swift; path = ShopVC.swift; sourceTree = "<group>"; };
		5343E6A420D1DEA800C7A68A /* LoginVC.swift */ = {isa = PBXFileReference; lastKnownFileType = sourcecode.swift; path = LoginVC.swift; sourceTree = "<group>"; };
		5343E6A620D2163B00C7A68A /* MoneyVC.swift */ = {isa = PBXFileReference; lastKnownFileType = sourcecode.swift; path = MoneyVC.swift; sourceTree = "<group>"; };
		536C854520DAEBB4001E356D /* ShopCell.swift */ = {isa = PBXFileReference; lastKnownFileType = sourcecode.swift; path = ShopCell.swift; sourceTree = "<group>"; };
		53C659DD20C9A382001B7DAF /* merkleProto.app */ = {isa = PBXFileReference; explicitFileType = wrapper.application; includeInIndex = 0; path = merkleProto.app; sourceTree = BUILT_PRODUCTS_DIR; };
		53C659E020C9A382001B7DAF /* AppDelegate.swift */ = {isa = PBXFileReference; lastKnownFileType = sourcecode.swift; path = AppDelegate.swift; sourceTree = "<group>"; };
		53C659E220C9A382001B7DAF /* RoomVC.swift */ = {isa = PBXFileReference; lastKnownFileType = sourcecode.swift; path = RoomVC.swift; sourceTree = "<group>"; };
		53C659E520C9A382001B7DAF /* Base */ = {isa = PBXFileReference; lastKnownFileType = file.storyboard; name = Base; path = Base.lproj/Main.storyboard; sourceTree = "<group>"; };
		53C659E720C9A384001B7DAF /* Assets.xcassets */ = {isa = PBXFileReference; lastKnownFileType = folder.assetcatalog; path = Assets.xcassets; sourceTree = "<group>"; };
		53C659EA20C9A384001B7DAF /* Base */ = {isa = PBXFileReference; lastKnownFileType = file.storyboard; name = Base; path = Base.lproj/LaunchScreen.storyboard; sourceTree = "<group>"; };
		53C659EC20C9A384001B7DAF /* Info.plist */ = {isa = PBXFileReference; lastKnownFileType = text.plist.xml; path = Info.plist; sourceTree = "<group>"; };
		53C659F220CC9BD2001B7DAF /* MenuVC.swift */ = {isa = PBXFileReference; lastKnownFileType = sourcecode.swift; path = MenuVC.swift; sourceTree = "<group>"; };
		53C659F520CCD481001B7DAF /* Thing.swift */ = {isa = PBXFileReference; lastKnownFileType = sourcecode.swift; path = Thing.swift; sourceTree = "<group>"; };
		53C659F820CF0451001B7DAF /* GoogleService-Info.plist */ = {isa = PBXFileReference; fileEncoding = 4; lastKnownFileType = text.plist.xml; path = "GoogleService-Info.plist"; sourceTree = "<group>"; };
		53C659FB20CF2E68001B7DAF /* DataService.swift */ = {isa = PBXFileReference; lastKnownFileType = sourcecode.swift; path = DataService.swift; sourceTree = "<group>"; };
		53C659FD20CF4FE6001B7DAF /* AuthService.swift */ = {isa = PBXFileReference; lastKnownFileType = sourcecode.swift; path = AuthService.swift; sourceTree = "<group>"; };
		872AD4BCAA9A9E989B899C7A /* Pods-merkleProto.release.xcconfig */ = {isa = PBXFileReference; includeInIndex = 1; lastKnownFileType = text.xcconfig; name = "Pods-merkleProto.release.xcconfig"; path = "Pods/Target Support Files/Pods-merkleProto/Pods-merkleProto.release.xcconfig"; sourceTree = "<group>"; };
		99D185EBEEC4BFE6B58A1A75 /* Pods_merkleProto.framework */ = {isa = PBXFileReference; explicitFileType = wrapper.framework; includeInIndex = 0; path = Pods_merkleProto.framework; sourceTree = BUILT_PRODUCTS_DIR; };
		A67CFD52010A6EA6079F9B0D /* Pods-merkleProto.debug.xcconfig */ = {isa = PBXFileReference; includeInIndex = 1; lastKnownFileType = text.xcconfig; name = "Pods-merkleProto.debug.xcconfig"; path = "Pods/Target Support Files/Pods-merkleProto/Pods-merkleProto.debug.xcconfig"; sourceTree = "<group>"; };
/* End PBXFileReference section */

/* Begin PBXFrameworksBuildPhase section */
		53C659DA20C9A382001B7DAF /* Frameworks */ = {
			isa = PBXFrameworksBuildPhase;
			buildActionMask = 2147483647;
			files = (
				D0A299302D3DF2E15A350EB0 /* Pods_merkleProto.framework in Frameworks */,
			);
			runOnlyForDeploymentPostprocessing = 0;
		};
/* End PBXFrameworksBuildPhase section */

/* Begin PBXGroup section */
		3B0788138AD7018360518114 /* Frameworks */ = {
			isa = PBXGroup;
			children = (
				99D185EBEEC4BFE6B58A1A75 /* Pods_merkleProto.framework */,
			);
			name = Frameworks;
			sourceTree = "<group>";
		};
		536C854420DAEB57001E356D /* View */ = {
			isa = PBXGroup;
			children = (
				536C854520DAEBB4001E356D /* ShopCell.swift */,
			);
			path = View;
			sourceTree = "<group>";
		};
		53C659D420C9A382001B7DAF = {
			isa = PBXGroup;
			children = (
				53C659DF20C9A382001B7DAF /* merkleProto */,
				53C659DE20C9A382001B7DAF /* Products */,
				B9AF43EBD1772A38650ABDA8 /* Pods */,
				3B0788138AD7018360518114 /* Frameworks */,
			);
			sourceTree = "<group>";
		};
		53C659DE20C9A382001B7DAF /* Products */ = {
			isa = PBXGroup;
			children = (
				53C659DD20C9A382001B7DAF /* merkleProto.app */,
			);
			name = Products;
			sourceTree = "<group>";
		};
		53C659DF20C9A382001B7DAF /* merkleProto */ = {
			isa = PBXGroup;
			children = (
				53C659FA20CF2E28001B7DAF /* Services */,
				53C659E020C9A382001B7DAF /* AppDelegate.swift */,
				53C659F420CCD45B001B7DAF /* Model */,
				536C854420DAEB57001E356D /* View */,
				53C659F720CD05C5001B7DAF /* Controller */,
				53C659E420C9A382001B7DAF /* Main.storyboard */,
				53C659E720C9A384001B7DAF /* Assets.xcassets */,
				53C659E920C9A384001B7DAF /* LaunchScreen.storyboard */,
				53C659EC20C9A384001B7DAF /* Info.plist */,
				53C659F820CF0451001B7DAF /* GoogleService-Info.plist */,
			);
			path = merkleProto;
			sourceTree = "<group>";
		};
		53C659F420CCD45B001B7DAF /* Model */ = {
			isa = PBXGroup;
			children = (
				53C659F520CCD481001B7DAF /* Thing.swift */,
				531AB76020D9B82C009B9CA8 /* Money.swift */,
			);
			path = Model;
			sourceTree = "<group>";
		};
		53C659F720CD05C5001B7DAF /* Controller */ = {
			isa = PBXGroup;
			children = (
				5343E6A420D1DEA800C7A68A /* LoginVC.swift */,
				53C659E220C9A382001B7DAF /* RoomVC.swift */,
				53C659F220CC9BD2001B7DAF /* MenuVC.swift */,
				5343E6A620D2163B00C7A68A /* MoneyVC.swift */,
				531AB76220DA3FF7009B9CA8 /* ShopVC.swift */,
			);
			path = Controller;
			sourceTree = "<group>";
		};
		53C659FA20CF2E28001B7DAF /* Services */ = {
			isa = PBXGroup;
			children = (
				53C659FB20CF2E68001B7DAF /* DataService.swift */,
				53C659FD20CF4FE6001B7DAF /* AuthService.swift */,
			);
			path = Services;
			sourceTree = "<group>";
		};
		B9AF43EBD1772A38650ABDA8 /* Pods */ = {
			isa = PBXGroup;
			children = (
				A67CFD52010A6EA6079F9B0D /* Pods-merkleProto.debug.xcconfig */,
				872AD4BCAA9A9E989B899C7A /* Pods-merkleProto.release.xcconfig */,
			);
			name = Pods;
			sourceTree = "<group>";
		};
/* End PBXGroup section */

/* Begin PBXNativeTarget section */
		53C659DC20C9A382001B7DAF /* merkleProto */ = {
			isa = PBXNativeTarget;
			buildConfigurationList = 53C659EF20C9A384001B7DAF /* Build configuration list for PBXNativeTarget "merkleProto" */;
			buildPhases = (
				28B46DA196578DB0C6B3B8B2 /* [CP] Check Pods Manifest.lock */,
				53C659D920C9A382001B7DAF /* Sources */,
				53C659DA20C9A382001B7DAF /* Frameworks */,
				53C659DB20C9A382001B7DAF /* Resources */,
				E67320422D7FBB4047CA430B /* [CP] Embed Pods Frameworks */,
			);
			buildRules = (
			);
			dependencies = (
			);
			name = merkleProto;
			productName = merkleProto;
			productReference = 53C659DD20C9A382001B7DAF /* merkleProto.app */;
			productType = "com.apple.product-type.application";
		};
/* End PBXNativeTarget section */

/* Begin PBXProject section */
		53C659D520C9A382001B7DAF /* Project object */ = {
			isa = PBXProject;
			attributes = {
				LastSwiftUpdateCheck = 0940;
				LastUpgradeCheck = 0940;
				ORGANIZATIONNAME = "Clyff Millet";
				TargetAttributes = {
					53C659DC20C9A382001B7DAF = {
						CreatedOnToolsVersion = 9.4;
					};
				};
			};
			buildConfigurationList = 53C659D820C9A382001B7DAF /* Build configuration list for PBXProject "merkleProto" */;
			compatibilityVersion = "Xcode 9.3";
			developmentRegion = en;
			hasScannedForEncodings = 0;
			knownRegions = (
				en,
				Base,
			);
			mainGroup = 53C659D420C9A382001B7DAF;
			productRefGroup = 53C659DE20C9A382001B7DAF /* Products */;
			projectDirPath = "";
			projectRoot = "";
			targets = (
				53C659DC20C9A382001B7DAF /* merkleProto */,
			);
		};
/* End PBXProject section */

/* Begin PBXResourcesBuildPhase section */
		53C659DB20C9A382001B7DAF /* Resources */ = {
			isa = PBXResourcesBuildPhase;
			buildActionMask = 2147483647;
			files = (
				53C659EB20C9A384001B7DAF /* LaunchScreen.storyboard in Resources */,
				53C659F920CF0452001B7DAF /* GoogleService-Info.plist in Resources */,
				53C659E820C9A384001B7DAF /* Assets.xcassets in Resources */,
				53C659E620C9A382001B7DAF /* Main.storyboard in Resources */,
			);
			runOnlyForDeploymentPostprocessing = 0;
		};
/* End PBXResourcesBuildPhase section */

/* Begin PBXShellScriptBuildPhase section */
		28B46DA196578DB0C6B3B8B2 /* [CP] Check Pods Manifest.lock */ = {
			isa = PBXShellScriptBuildPhase;
			buildActionMask = 2147483647;
			files = (
			);
			inputPaths = (
				"${PODS_PODFILE_DIR_PATH}/Podfile.lock",
				"${PODS_ROOT}/Manifest.lock",
			);
			name = "[CP] Check Pods Manifest.lock";
			outputPaths = (
				"$(DERIVED_FILE_DIR)/Pods-merkleProto-checkManifestLockResult.txt",
			);
			runOnlyForDeploymentPostprocessing = 0;
			shellPath = /bin/sh;
			shellScript = "diff \"${PODS_PODFILE_DIR_PATH}/Podfile.lock\" \"${PODS_ROOT}/Manifest.lock\" > /dev/null\nif [ $? != 0 ] ; then\n    # print error to STDERR\n    echo \"error: The sandbox is not in sync with the Podfile.lock. Run 'pod install' or update your CocoaPods installation.\" >&2\n    exit 1\nfi\n# This output is used by Xcode 'outputs' to avoid re-running this script phase.\necho \"SUCCESS\" > \"${SCRIPT_OUTPUT_FILE_0}\"\n";
			showEnvVarsInLog = 0;
		};
		E67320422D7FBB4047CA430B /* [CP] Embed Pods Frameworks */ = {
			isa = PBXShellScriptBuildPhase;
			buildActionMask = 2147483647;
			files = (
			);
			inputPaths = (
				"${SRCROOT}/Pods/Target Support Files/Pods-merkleProto/Pods-merkleProto-frameworks.sh",
				"${BUILT_PRODUCTS_DIR}/GTMSessionFetcher/GTMSessionFetcher.framework",
				"${BUILT_PRODUCTS_DIR}/GoogleToolboxForMac/GoogleToolboxForMac.framework",
				"${BUILT_PRODUCTS_DIR}/leveldb-library/leveldb.framework",
				"${BUILT_PRODUCTS_DIR}/nanopb/nanopb.framework",
			);
			name = "[CP] Embed Pods Frameworks";
			outputPaths = (
				"${TARGET_BUILD_DIR}/${FRAMEWORKS_FOLDER_PATH}/GTMSessionFetcher.framework",
				"${TARGET_BUILD_DIR}/${FRAMEWORKS_FOLDER_PATH}/GoogleToolboxForMac.framework",
				"${TARGET_BUILD_DIR}/${FRAMEWORKS_FOLDER_PATH}/leveldb.framework",
				"${TARGET_BUILD_DIR}/${FRAMEWORKS_FOLDER_PATH}/nanopb.framework",
			);
			runOnlyForDeploymentPostprocessing = 0;
			shellPath = /bin/sh;
			shellScript = "\"${SRCROOT}/Pods/Target Support Files/Pods-merkleProto/Pods-merkleProto-frameworks.sh\"\n";
			showEnvVarsInLog = 0;
		};
/* End PBXShellScriptBuildPhase section */

/* Begin PBXSourcesBuildPhase section */
		53C659D920C9A382001B7DAF /* Sources */ = {
			isa = PBXSourcesBuildPhase;
			buildActionMask = 2147483647;
			files = (
				531AB76320DA3FF7009B9CA8 /* ShopVC.swift in Sources */,
				53C659F620CCD481001B7DAF /* Thing.swift in Sources */,
				5343E6A720D2163B00C7A68A /* MoneyVC.swift in Sources */,
				53C659E320C9A382001B7DAF /* RoomVC.swift in Sources */,
				531AB76120D9B82C009B9CA8 /* Money.swift in Sources */,
				5343E6A520D1DEA800C7A68A /* LoginVC.swift in Sources */,
				53C659F320CC9BD2001B7DAF /* MenuVC.swift in Sources */,
				536C854620DAEBB4001E356D /* ShopCell.swift in Sources */,
				53C659FE20CF4FE6001B7DAF /* AuthService.swift in Sources */,
				53C659E120C9A382001B7DAF /* AppDelegate.swift in Sources */,
				53C659FC20CF2E68001B7DAF /* DataService.swift in Sources */,
			);
			runOnlyForDeploymentPostprocessing = 0;
		};
/* End PBXSourcesBuildPhase section */

/* Begin PBXVariantGroup section */
		53C659E420C9A382001B7DAF /* Main.storyboard */ = {
			isa = PBXVariantGroup;
			children = (
				53C659E520C9A382001B7DAF /* Base */,
			);
			name = Main.storyboard;
			sourceTree = "<group>";
		};
		53C659E920C9A384001B7DAF /* LaunchScreen.storyboard */ = {
			isa = PBXVariantGroup;
			children = (
				53C659EA20C9A384001B7DAF /* Base */,
			);
			name = LaunchScreen.storyboard;
			sourceTree = "<group>";
		};
/* End PBXVariantGroup section */

/* Begin XCBuildConfiguration section */
		53C659ED20C9A384001B7DAF /* Debug */ = {
			isa = XCBuildConfiguration;
			buildSettings = {
				ALWAYS_SEARCH_USER_PATHS = NO;
				CLANG_ANALYZER_NONNULL = YES;
				CLANG_ANALYZER_NUMBER_OBJECT_CONVERSION = YES_AGGRESSIVE;
				CLANG_CXX_LANGUAGE_STANDARD = "gnu++14";
				CLANG_CXX_LIBRARY = "libc++";
				CLANG_ENABLE_MODULES = YES;
				CLANG_ENABLE_OBJC_ARC = YES;
				CLANG_ENABLE_OBJC_WEAK = YES;
				CLANG_WARN_BLOCK_CAPTURE_AUTORELEASING = YES;
				CLANG_WARN_BOOL_CONVERSION = YES;
				CLANG_WARN_COMMA = YES;
				CLANG_WARN_CONSTANT_CONVERSION = YES;
				CLANG_WARN_DEPRECATED_OBJC_IMPLEMENTATIONS = YES;
				CLANG_WARN_DIRECT_OBJC_ISA_USAGE = YES_ERROR;
				CLANG_WARN_DOCUMENTATION_COMMENTS = YES;
				CLANG_WARN_EMPTY_BODY = YES;
				CLANG_WARN_ENUM_CONVERSION = YES;
				CLANG_WARN_INFINITE_RECURSION = YES;
				CLANG_WARN_INT_CONVERSION = YES;
				CLANG_WARN_NON_LITERAL_NULL_CONVERSION = YES;
				CLANG_WARN_OBJC_IMPLICIT_RETAIN_SELF = YES;
				CLANG_WARN_OBJC_LITERAL_CONVERSION = YES;
				CLANG_WARN_OBJC_ROOT_CLASS = YES_ERROR;
				CLANG_WARN_RANGE_LOOP_ANALYSIS = YES;
				CLANG_WARN_STRICT_PROTOTYPES = YES;
				CLANG_WARN_SUSPICIOUS_MOVE = YES;
				CLANG_WARN_UNGUARDED_AVAILABILITY = YES_AGGRESSIVE;
				CLANG_WARN_UNREACHABLE_CODE = YES;
				CLANG_WARN__DUPLICATE_METHOD_MATCH = YES;
				CODE_SIGN_IDENTITY = "iPhone Developer";
				COPY_PHASE_STRIP = NO;
				DEBUG_INFORMATION_FORMAT = dwarf;
				ENABLE_STRICT_OBJC_MSGSEND = YES;
				ENABLE_TESTABILITY = YES;
				GCC_C_LANGUAGE_STANDARD = gnu11;
				GCC_DYNAMIC_NO_PIC = NO;
				GCC_NO_COMMON_BLOCKS = YES;
				GCC_OPTIMIZATION_LEVEL = 0;
				GCC_PREPROCESSOR_DEFINITIONS = (
					"DEBUG=1",
					"$(inherited)",
				);
				GCC_WARN_64_TO_32_BIT_CONVERSION = YES;
				GCC_WARN_ABOUT_RETURN_TYPE = YES_ERROR;
				GCC_WARN_UNDECLARED_SELECTOR = YES;
				GCC_WARN_UNINITIALIZED_AUTOS = YES_AGGRESSIVE;
				GCC_WARN_UNUSED_FUNCTION = YES;
				GCC_WARN_UNUSED_VARIABLE = YES;
				IPHONEOS_DEPLOYMENT_TARGET = 11.4;
				MTL_ENABLE_DEBUG_INFO = YES;
				ONLY_ACTIVE_ARCH = YES;
				SDKROOT = iphoneos;
				SWIFT_ACTIVE_COMPILATION_CONDITIONS = DEBUG;
				SWIFT_OPTIMIZATION_LEVEL = "-Onone";
			};
			name = Debug;
		};
		53C659EE20C9A384001B7DAF /* Release */ = {
			isa = XCBuildConfiguration;
			buildSettings = {
				ALWAYS_SEARCH_USER_PATHS = NO;
				CLANG_ANALYZER_NONNULL = YES;
				CLANG_ANALYZER_NUMBER_OBJECT_CONVERSION = YES_AGGRESSIVE;
				CLANG_CXX_LANGUAGE_STANDARD = "gnu++14";
				CLANG_CXX_LIBRARY = "libc++";
				CLANG_ENABLE_MODULES = YES;
				CLANG_ENABLE_OBJC_ARC = YES;
				CLANG_ENABLE_OBJC_WEAK = YES;
				CLANG_WARN_BLOCK_CAPTURE_AUTORELEASING = YES;
				CLANG_WARN_BOOL_CONVERSION = YES;
				CLANG_WARN_COMMA = YES;
				CLANG_WARN_CONSTANT_CONVERSION = YES;
				CLANG_WARN_DEPRECATED_OBJC_IMPLEMENTATIONS = YES;
				CLANG_WARN_DIRECT_OBJC_ISA_USAGE = YES_ERROR;
				CLANG_WARN_DOCUMENTATION_COMMENTS = YES;
				CLANG_WARN_EMPTY_BODY = YES;
				CLANG_WARN_ENUM_CONVERSION = YES;
				CLANG_WARN_INFINITE_RECURSION = YES;
				CLANG_WARN_INT_CONVERSION = YES;
				CLANG_WARN_NON_LITERAL_NULL_CONVERSION = YES;
				CLANG_WARN_OBJC_IMPLICIT_RETAIN_SELF = YES;
				CLANG_WARN_OBJC_LITERAL_CONVERSION = YES;
				CLANG_WARN_OBJC_ROOT_CLASS = YES_ERROR;
				CLANG_WARN_RANGE_LOOP_ANALYSIS = YES;
				CLANG_WARN_STRICT_PROTOTYPES = YES;
				CLANG_WARN_SUSPICIOUS_MOVE = YES;
				CLANG_WARN_UNGUARDED_AVAILABILITY = YES_AGGRESSIVE;
				CLANG_WARN_UNREACHABLE_CODE = YES;
				CLANG_WARN__DUPLICATE_METHOD_MATCH = YES;
				CODE_SIGN_IDENTITY = "iPhone Developer";
				COPY_PHASE_STRIP = NO;
				DEBUG_INFORMATION_FORMAT = "dwarf-with-dsym";
				ENABLE_NS_ASSERTIONS = NO;
				ENABLE_STRICT_OBJC_MSGSEND = YES;
				GCC_C_LANGUAGE_STANDARD = gnu11;
				GCC_NO_COMMON_BLOCKS = YES;
				GCC_WARN_64_TO_32_BIT_CONVERSION = YES;
				GCC_WARN_ABOUT_RETURN_TYPE = YES_ERROR;
				GCC_WARN_UNDECLARED_SELECTOR = YES;
				GCC_WARN_UNINITIALIZED_AUTOS = YES_AGGRESSIVE;
				GCC_WARN_UNUSED_FUNCTION = YES;
				GCC_WARN_UNUSED_VARIABLE = YES;
				IPHONEOS_DEPLOYMENT_TARGET = 11.4;
				MTL_ENABLE_DEBUG_INFO = NO;
				SDKROOT = iphoneos;
				SWIFT_COMPILATION_MODE = wholemodule;
				SWIFT_OPTIMIZATION_LEVEL = "-O";
				VALIDATE_PRODUCT = YES;
			};
			name = Release;
		};
		53C659F020C9A384001B7DAF /* Debug */ = {
			isa = XCBuildConfiguration;
			baseConfigurationReference = A67CFD52010A6EA6079F9B0D /* Pods-merkleProto.debug.xcconfig */;
			buildSettings = {
				ASSETCATALOG_COMPILER_APPICON_NAME = AppIcon;
				CODE_SIGN_STYLE = Automatic;
				DEVELOPMENT_TEAM = B593V95HNX;
				INFOPLIST_FILE = merkleProto/Info.plist;
				LD_RUNPATH_SEARCH_PATHS = (
					"$(inherited)",
					"@executable_path/Frameworks",
				);
				PRODUCT_BUNDLE_IDENTIFIER = com.clyffapps.merkleProto;
				PRODUCT_NAME = "$(TARGET_NAME)";
				SWIFT_VERSION = 4.0;
				TARGETED_DEVICE_FAMILY = "1,2";
			};
			name = Debug;
		};
		53C659F120C9A384001B7DAF /* Release */ = {
			isa = XCBuildConfiguration;
			baseConfigurationReference = 872AD4BCAA9A9E989B899C7A /* Pods-merkleProto.release.xcconfig */;
			buildSettings = {
				ASSETCATALOG_COMPILER_APPICON_NAME = AppIcon;
				CODE_SIGN_STYLE = Automatic;
				DEVELOPMENT_TEAM = B593V95HNX;
				INFOPLIST_FILE = merkleProto/Info.plist;
				LD_RUNPATH_SEARCH_PATHS = (
					"$(inherited)",
					"@executable_path/Frameworks",
				);
				PRODUCT_BUNDLE_IDENTIFIER = com.clyffapps.merkleProto;
				PRODUCT_NAME = "$(TARGET_NAME)";
				SWIFT_VERSION = 4.0;
				TARGETED_DEVICE_FAMILY = "1,2";
			};
			name = Release;
		};
/* End XCBuildConfiguration section */

/* Begin XCConfigurationList section */
		53C659D820C9A382001B7DAF /* Build configuration list for PBXProject "merkleProto" */ = {
			isa = XCConfigurationList;
			buildConfigurations = (
				53C659ED20C9A384001B7DAF /* Debug */,
				53C659EE20C9A384001B7DAF /* Release */,
			);
			defaultConfigurationIsVisible = 0;
			defaultConfigurationName = Release;
		};
		53C659EF20C9A384001B7DAF /* Build configuration list for PBXNativeTarget "merkleProto" */ = {
			isa = XCConfigurationList;
			buildConfigurations = (
				53C659F020C9A384001B7DAF /* Debug */,
				53C659F120C9A384001B7DAF /* Release */,
			);
			defaultConfigurationIsVisible = 0;
			defaultConfigurationName = Release;
		};
/* End XCConfigurationList section */
	};
	rootObject = 53C659D520C9A382001B7DAF /* Project object */;
}
